[[package]]
name = "appdirs"
version = "1.4.4"
description = "A small Python module for determining appropriate platform-specific dirs, e.g. a \"user data dir\"."
category = "main"
optional = false
python-versions = "*"

[[package]]
name = "arcade"
version = "2.4.3"
description = "Arcade Game Development Library"
category = "main"
optional = false
python-versions = ">=3.6"

[package.dependencies]
numpy = "*"
pillow = "*"
pyglet = "*"
pymunk = "*"
pytiled-parser = "0.9.4a3"
pyyaml = "*"

[[package]]
name = "arcade-imgui"
version = "0.1.0"
description = "IMGUI integration for arcade"
category = "main"
optional = false
python-versions = ">=3.7,<4.0"

[package.dependencies]
arcade = ">=2.4.2,<3.0.0"
imgui = ">=1.2.0,<2.0.0"
PyOpenGL = ">=3.0.0,<4.0.0"

[[package]]
name = "attrs"
version = "20.2.0"
description = "Classes Without Boilerplate"
category = "main"
optional = false
python-versions = ">=2.7, !=3.0.*, !=3.1.*, !=3.2.*, !=3.3.*"

[package.extras]
dev = ["coverage[toml] (>=5.0.2)", "hypothesis", "pympler", "pytest (>=4.3.0)", "six", "zope.interface", "sphinx", "sphinx-rtd-theme", "pre-commit"]
docs = ["sphinx", "sphinx-rtd-theme", "zope.interface"]
tests = ["coverage[toml] (>=5.0.2)", "hypothesis", "pympler", "pytest (>=4.3.0)", "six", "zope.interface"]
tests_no_zope = ["coverage[toml] (>=5.0.2)", "hypothesis", "pympler", "pytest (>=4.3.0)", "six"]

[[package]]
name = "black"
version = "20.8b1"
description = "The uncompromising code formatter."
category = "main"
optional = false
python-versions = ">=3.6"

[package.dependencies]
appdirs = "*"
click = ">=7.1.2"
mypy-extensions = ">=0.4.3"
pathspec = ">=0.6,<1"
regex = ">=2020.1.8"
toml = ">=0.10.1"
typed-ast = ">=1.4.0"
typing-extensions = ">=3.7.4"

[package.extras]
colorama = ["colorama (>=0.4.3)"]
d = ["aiohttp (>=3.3.2)", "aiohttp-cors"]

[[package]]
name = "cffi"
version = "1.14.3"
description = "Foreign Function Interface for Python calling C code."
category = "main"
optional = false
python-versions = "*"

[package.dependencies]
pycparser = "*"

[[package]]
name = "cfgv"
version = "3.2.0"
description = "Validate configuration and produce human readable error messages."
category = "main"
optional = false
python-versions = ">=3.6.1"

[[package]]
name = "click"
version = "7.1.2"
description = "Composable command line interface toolkit"
category = "main"
optional = false
python-versions = ">=2.7, !=3.0.*, !=3.1.*, !=3.2.*, !=3.3.*, !=3.4.*"

[[package]]
name = "distlib"
version = "0.3.1"
description = "Distribution utilities"
category = "main"
optional = false
python-versions = "*"

[[package]]
name = "filelock"
version = "3.0.12"
description = "A platform independent file lock."
category = "main"
optional = false
python-versions = "*"

[[package]]
name = "identify"
version = "1.5.6"
description = "File identification library for Python"
category = "main"
optional = false
python-versions = "!=3.0.*,!=3.1.*,!=3.2.*,!=3.3.*,>=2.7"

[package.extras]
license = ["editdistance"]

[[package]]
name = "imgui"
version = "1.2.0"
description = "Cython-based Python bindings for dear imgui"
category = "main"
optional = false
python-versions = "*"

[package.extras]
Cython = ["Cython (>=0.24,<=0.28.2)"]
cocos2d = ["pyopengl", "cocos2d", "pyglet (>=1.5.6)"]
full = ["pysdl2", "glfw", "cocos2d", "pyopengl", "Cython (>=0.24,<=0.28.2)", "pygame", "pyglet", "pyglet (>=1.5.6)"]
glfw = ["pyopengl", "glfw"]
opengl = ["pyopengl"]
pygame = ["pyopengl", "pygame"]
pyglet = ["pyopengl", "pyglet", "pyglet (>=1.5.6)"]
sdl2 = ["pyopengl", "pysdl2"]

[[package]]
name = "mypy-extensions"
version = "0.4.3"
description = "Experimental type system extensions for programs checked with the mypy typechecker."
category = "main"
optional = false
python-versions = "*"

[[package]]
name = "nodeenv"
version = "1.5.0"
description = "Node.js virtual environment builder"
category = "main"
optional = false
python-versions = "*"

[[package]]
name = "numpy"
version = "1.19.2"
description = "NumPy is the fundamental package for array computing with Python."
category = "main"
optional = false
python-versions = ">=3.6"

[[package]]
name = "pathspec"
version = "0.8.0"
description = "Utility library for gitignore style pattern matching of file paths."
category = "main"
optional = false
python-versions = ">=2.7, !=3.0.*, !=3.1.*, !=3.2.*, !=3.3.*, !=3.4.*"

[[package]]
name = "pillow"
version = "8.0.0"
description = "Python Imaging Library (Fork)"
category = "main"
optional = false
python-versions = ">=3.6"

[[package]]
name = "pre-commit"
version = "2.7.1"
description = "A framework for managing and maintaining multi-language pre-commit hooks."
category = "main"
optional = false
python-versions = ">=3.6.1"

[package.dependencies]
cfgv = ">=2.0.0"
identify = ">=1.0.0"
nodeenv = ">=0.11.1"
pyyaml = ">=5.1"
toml = "*"
virtualenv = ">=20.0.8"

[[package]]
name = "pycparser"
version = "2.20"
description = "C parser in Python"
category = "main"
optional = false
python-versions = ">=2.7, !=3.0.*, !=3.1.*, !=3.2.*, !=3.3.*"

[[package]]
name = "pyglet"
version = "1.5.7"
description = "Cross-platform windowing and multimedia library"
category = "main"
optional = false
python-versions = "*"

[[package]]
name = "pymunk"
version = "5.7.0"
description = "Pymunk is a easy-to-use pythonic 2d physics library"
category = "main"
optional = false
python-versions = "*"

[package.dependencies]
cffi = "!=1.13.1"

[package.extras]
dev = ["pyglet", "pygame", "sphinx", "aafigure"]

[[package]]
name = "pyopengl"
version = "3.1.5"
description = "Standard OpenGL bindings for Python"
category = "main"
optional = false
python-versions = "*"

[[package]]
name = "pytiled-parser"
version = "0.9.4a3"
description = "Python Library for parsing Tiled Map Editor maps."
category = "main"
optional = false
python-versions = "~=3.6"

[package.dependencies]
attrs = "*"

[package.extras]
tests = ["pytest", "pytest-cov", "black", "pylint", "mypy", "isort"]

[[package]]
name = "pyyaml"
version = "5.3.1"
description = "YAML parser and emitter for Python"
category = "main"
optional = false
python-versions = ">=2.7, !=3.0.*, !=3.1.*, !=3.2.*, !=3.3.*, !=3.4.*"

[[package]]
name = "regex"
version = "2020.10.15"
description = "Alternative regular expression module, to replace re."
category = "main"
optional = false
python-versions = "*"

[[package]]
name = "six"
version = "1.15.0"
description = "Python 2 and 3 compatibility utilities"
category = "main"
optional = false
python-versions = ">=2.7, !=3.0.*, !=3.1.*, !=3.2.*"

[[package]]
name = "toml"
version = "0.10.1"
description = "Python Library for Tom's Obvious, Minimal Language"
category = "main"
optional = false
python-versions = "*"

[[package]]
name = "typed-ast"
version = "1.4.1"
description = "a fork of Python 2 and 3 ast modules with type comment support"
category = "main"
optional = false
python-versions = "*"

[[package]]
name = "typing-extensions"
version = "3.7.4.3"
description = "Backported and Experimental Type Hints for Python 3.5+"
category = "main"
optional = false
python-versions = "*"

[[package]]
name = "virtualenv"
version = "20.0.35"
description = "Virtual Python Environment builder"
category = "main"
optional = false
python-versions = "!=3.0.*,!=3.1.*,!=3.2.*,!=3.3.*,>=2.7"

[package.dependencies]
appdirs = ">=1.4.3,<2"
distlib = ">=0.3.1,<1"
filelock = ">=3.0.0,<4"
six = ">=1.9.0,<2"

[package.extras]
docs = ["proselint (>=0.10.2)", "sphinx (>=3)", "sphinx-argparse (>=0.2.5)", "sphinx-rtd-theme (>=0.4.3)", "towncrier (>=19.9.0rc1)"]
testing = ["coverage (>=4)", "coverage-enable-subprocess (>=1)", "flaky (>=3)", "pytest (>=4)", "pytest-env (>=0.6.2)", "pytest-freezegun (>=0.4.1)", "pytest-mock (>=2)", "pytest-randomly (>=1)", "pytest-timeout (>=1)", "pytest-xdist (>=1.31.0)", "packaging (>=20.0)", "xonsh (>=0.9.16)"]

[metadata]
lock-version = "1.1"
python-versions = "^3.8"
content-hash = "84207b8708f1ac5b408deaae7207a76f91e20491e2c79951339597975c9782fa"

[metadata.files]
appdirs = [
    {file = "appdirs-1.4.4-py2.py3-none-any.whl", hash = "sha256:a841dacd6b99318a741b166adb07e19ee71a274450e68237b4650ca1055ab128"},
    {file = "appdirs-1.4.4.tar.gz", hash = "sha256:7d5d0167b2b1ba821647616af46a749d1c653740dd0d2415100fe26e27afdf41"},
]
arcade = [
    {file = "arcade-2.4.3-py3-none-any.whl", hash = "sha256:8957723fc996a0fc2a7d3b070cb3ce0d6e75aaa0a88537da1ac9533d198c26ea"},
]
arcade-imgui = [
    {file = "arcade-imgui-0.1.0.tar.gz", hash = "sha256:0cd0b63c5eedad002603c5ba2a88ee70b45ebdc18cee86d53cc504d4762def48"},
    {file = "arcade_imgui-0.1.0-py3-none-any.whl", hash = "sha256:a6a5d7a74c7a14de805fedefc28eea7b0b306daf938262e213ce9ad659d93b17"},
]
attrs = [
    {file = "attrs-20.2.0-py2.py3-none-any.whl", hash = "sha256:fce7fc47dfc976152e82d53ff92fa0407700c21acd20886a13777a0d20e655dc"},
    {file = "attrs-20.2.0.tar.gz", hash = "sha256:26b54ddbbb9ee1d34d5d3668dd37d6cf74990ab23c828c2888dccdceee395594"},
]
black = [
    {file = "black-20.8b1.tar.gz", hash = "sha256:1c02557aa099101b9d21496f8a914e9ed2222ef70336404eeeac8edba836fbea"},
]
cffi = [
    {file = "cffi-1.14.3-2-cp27-cp27m-macosx_10_9_x86_64.whl", hash = "sha256:3eeeb0405fd145e714f7633a5173318bd88d8bbfc3dd0a5751f8c4f70ae629bc"},
    {file = "cffi-1.14.3-2-cp35-cp35m-macosx_10_9_x86_64.whl", hash = "sha256:cb763ceceae04803adcc4e2d80d611ef201c73da32d8f2722e9d0ab0c7f10768"},
    {file = "cffi-1.14.3-2-cp36-cp36m-macosx_10_9_x86_64.whl", hash = "sha256:44f60519595eaca110f248e5017363d751b12782a6f2bd6a7041cba275215f5d"},
    {file = "cffi-1.14.3-2-cp37-cp37m-macosx_10_9_x86_64.whl", hash = "sha256:c53af463f4a40de78c58b8b2710ade243c81cbca641e34debf3396a9640d6ec1"},
    {file = "cffi-1.14.3-2-cp38-cp38-macosx_10_9_x86_64.whl", hash = "sha256:33c6cdc071ba5cd6d96769c8969a0531be2d08c2628a0143a10a7dcffa9719ca"},
    {file = "cffi-1.14.3-2-cp39-cp39-macosx_10_9_x86_64.whl", hash = "sha256:c11579638288e53fc94ad60022ff1b67865363e730ee41ad5e6f0a17188b327a"},
    {file = "cffi-1.14.3-cp27-cp27m-manylinux1_i686.whl", hash = "sha256:3cb3e1b9ec43256c4e0f8d2837267a70b0e1ca8c4f456685508ae6106b1f504c"},
    {file = "cffi-1.14.3-cp27-cp27m-manylinux1_x86_64.whl", hash = "sha256:f0620511387790860b249b9241c2f13c3a80e21a73e0b861a2df24e9d6f56730"},
    {file = "cffi-1.14.3-cp27-cp27m-win32.whl", hash = "sha256:005f2bfe11b6745d726dbb07ace4d53f057de66e336ff92d61b8c7e9c8f4777d"},
    {file = "cffi-1.14.3-cp27-cp27m-win_amd64.whl", hash = "sha256:2f9674623ca39c9ebe38afa3da402e9326c245f0f5ceff0623dccdac15023e05"},
    {file = "cffi-1.14.3-cp27-cp27mu-manylinux1_i686.whl", hash = "sha256:09e96138280241bd355cd585148dec04dbbedb4f46128f340d696eaafc82dd7b"},
    {file = "cffi-1.14.3-cp27-cp27mu-manylinux1_x86_64.whl", hash = "sha256:3363e77a6176afb8823b6e06db78c46dbc4c7813b00a41300a4873b6ba63b171"},
    {file = "cffi-1.14.3-cp35-cp35m-manylinux1_i686.whl", hash = "sha256:0ef488305fdce2580c8b2708f22d7785ae222d9825d3094ab073e22e93dfe51f"},
    {file = "cffi-1.14.3-cp35-cp35m-manylinux1_x86_64.whl", hash = "sha256:0b1ad452cc824665ddc682400b62c9e4f5b64736a2ba99110712fdee5f2505c4"},
    {file = "cffi-1.14.3-cp35-cp35m-win32.whl", hash = "sha256:85ba797e1de5b48aa5a8427b6ba62cf69607c18c5d4eb747604b7302f1ec382d"},
    {file = "cffi-1.14.3-cp35-cp35m-win_amd64.whl", hash = "sha256:e66399cf0fc07de4dce4f588fc25bfe84a6d1285cc544e67987d22663393926d"},
    {file = "cffi-1.14.3-cp36-cp36m-manylinux1_i686.whl", hash = "sha256:15f351bed09897fbda218e4db5a3d5c06328862f6198d4fb385f3e14e19decb3"},
    {file = "cffi-1.14.3-cp36-cp36m-manylinux1_x86_64.whl", hash = "sha256:4d7c26bfc1ea9f92084a1d75e11999e97b62d63128bcc90c3624d07813c52808"},
    {file = "cffi-1.14.3-cp36-cp36m-manylinux2014_aarch64.whl", hash = "sha256:23e5d2040367322824605bc29ae8ee9175200b92cb5483ac7d466927a9b3d537"},
    {file = "cffi-1.14.3-cp36-cp36m-win32.whl", hash = "sha256:a624fae282e81ad2e4871bdb767e2c914d0539708c0f078b5b355258293c98b0"},
    {file = "cffi-1.14.3-cp36-cp36m-win_amd64.whl", hash = "sha256:de31b5164d44ef4943db155b3e8e17929707cac1e5bd2f363e67a56e3af4af6e"},
    {file = "cffi-1.14.3-cp37-cp37m-manylinux1_i686.whl", hash = "sha256:f92cdecb618e5fa4658aeb97d5eb3d2f47aa94ac6477c6daf0f306c5a3b9e6b1"},
    {file = "cffi-1.14.3-cp37-cp37m-manylinux1_x86_64.whl", hash = "sha256:22399ff4870fb4c7ef19fff6eeb20a8bbf15571913c181c78cb361024d574579"},
    {file = "cffi-1.14.3-cp37-cp37m-manylinux2014_aarch64.whl", hash = "sha256:f4eae045e6ab2bb54ca279733fe4eb85f1effda392666308250714e01907f394"},
    {file = "cffi-1.14.3-cp37-cp37m-win32.whl", hash = "sha256:b0358e6fefc74a16f745afa366acc89f979040e0cbc4eec55ab26ad1f6a9bfbc"},
    {file = "cffi-1.14.3-cp37-cp37m-win_amd64.whl", hash = "sha256:6642f15ad963b5092d65aed022d033c77763515fdc07095208f15d3563003869"},
    {file = "cffi-1.14.3-cp38-cp38-manylinux1_i686.whl", hash = "sha256:2791f68edc5749024b4722500e86303a10d342527e1e3bcac47f35fbd25b764e"},
    {file = "cffi-1.14.3-cp38-cp38-manylinux1_x86_64.whl", hash = "sha256:529c4ed2e10437c205f38f3691a68be66c39197d01062618c55f74294a4a4828"},
    {file = "cffi-1.14.3-cp38-cp38-manylinux2014_aarch64.whl", hash = "sha256:8f0f1e499e4000c4c347a124fa6a27d37608ced4fe9f7d45070563b7c4c370c9"},
    {file = "cffi-1.14.3-cp38-cp38-win32.whl", hash = "sha256:3b8eaf915ddc0709779889c472e553f0d3e8b7bdf62dab764c8921b09bf94522"},
    {file = "cffi-1.14.3-cp38-cp38-win_amd64.whl", hash = "sha256:bbd2f4dfee1079f76943767fce837ade3087b578aeb9f69aec7857d5bf25db15"},
    {file = "cffi-1.14.3-cp39-cp39-manylinux1_i686.whl", hash = "sha256:cc75f58cdaf043fe6a7a6c04b3b5a0e694c6a9e24050967747251fb80d7bce0d"},
    {file = "cffi-1.14.3-cp39-cp39-manylinux1_x86_64.whl", hash = "sha256:bf39a9e19ce7298f1bd6a9758fa99707e9e5b1ebe5e90f2c3913a47bc548747c"},
    {file = "cffi-1.14.3-cp39-cp39-win32.whl", hash = "sha256:d80998ed59176e8cba74028762fbd9b9153b9afc71ea118e63bbf5d4d0f9552b"},
    {file = "cffi-1.14.3-cp39-cp39-win_amd64.whl", hash = "sha256:c150eaa3dadbb2b5339675b88d4573c1be3cb6f2c33a6c83387e10cc0bf05bd3"},
    {file = "cffi-1.14.3.tar.gz", hash = "sha256:f92f789e4f9241cd262ad7a555ca2c648a98178a953af117ef7fad46aa1d5591"},
]
cfgv = [
    {file = "cfgv-3.2.0-py2.py3-none-any.whl", hash = "sha256:32e43d604bbe7896fe7c248a9c2276447dbef840feb28fe20494f62af110211d"},
    {file = "cfgv-3.2.0.tar.gz", hash = "sha256:cf22deb93d4bcf92f345a5c3cd39d3d41d6340adc60c78bbbd6588c384fda6a1"},
]
click = [
    {file = "click-7.1.2-py2.py3-none-any.whl", hash = "sha256:dacca89f4bfadd5de3d7489b7c8a566eee0d3676333fbb50030263894c38c0dc"},
    {file = "click-7.1.2.tar.gz", hash = "sha256:d2b5255c7c6349bc1bd1e59e08cd12acbbd63ce649f2588755783aa94dfb6b1a"},
]
distlib = [
    {file = "distlib-0.3.1-py2.py3-none-any.whl", hash = "sha256:8c09de2c67b3e7deef7184574fc060ab8a793e7adbb183d942c389c8b13c52fb"},
    {file = "distlib-0.3.1.zip", hash = "sha256:edf6116872c863e1aa9d5bb7cb5e05a022c519a4594dc703843343a9ddd9bff1"},
]
filelock = [
    {file = "filelock-3.0.12-py3-none-any.whl", hash = "sha256:929b7d63ec5b7d6b71b0fa5ac14e030b3f70b75747cef1b10da9b879fef15836"},
    {file = "filelock-3.0.12.tar.gz", hash = "sha256:18d82244ee114f543149c66a6e0c14e9c4f8a1044b5cdaadd0f82159d6a6ff59"},
]
identify = [
    {file = "identify-1.5.6-py2.py3-none-any.whl", hash = "sha256:3139bf72d81dfd785b0a464e2776bd59bdc725b4cc10e6cf46b56a0db931c82e"},
    {file = "identify-1.5.6.tar.gz", hash = "sha256:969d844b7a85d32a5f9ac4e163df6e846d73c87c8b75847494ee8f4bd2186421"},
]
imgui = [
    {file = "imgui-1.2.0-cp27-cp27m-macosx_10_13_x86_64.whl", hash = "sha256:31c3ba5ed11d6a1b978dd43b6398f3fd46bc2079a6fce0c8adbb37e68c41d407"},
    {file = "imgui-1.2.0-cp27-cp27m-manylinux1_i686.whl", hash = "sha256:aa52076ac7fd862376b1af0ece1427ae1567604a054deec04237c8cf758772cb"},
    {file = "imgui-1.2.0-cp27-cp27m-manylinux1_x86_64.whl", hash = "sha256:1e6c3870b9dfd4a3849ea0f2bf65a9bcf4570f7361f42d338536d87bba2143ff"},
    {file = "imgui-1.2.0-cp27-cp27m-win32.whl", hash = "sha256:f538e0655eeaf1366dd5da0b81ee5b197839aea6fc25b38b7d3b9bed0420b627"},
    {file = "imgui-1.2.0-cp27-cp27m-win_amd64.whl", hash = "sha256:4e85b84023ed647a77908799b732d9d89c16512b6ac5c3983752f95362a86821"},
    {file = "imgui-1.2.0-cp27-cp27mu-manylinux1_i686.whl", hash = "sha256:52c41500add90b9c84986e75da6cd30292505480cd4c5943e19cb798cc579480"},
    {file = "imgui-1.2.0-cp27-cp27mu-manylinux1_x86_64.whl", hash = "sha256:cc74d9b833bf45d06dafad88934d6f46bd9416e27c77a95c4751b156ee5e915c"},
    {file = "imgui-1.2.0-cp33-cp33m-win32.whl", hash = "sha256:9d59fef303e599bd258205a02032dd9ecfe01ec2811f7a526c689b38b0b7836b"},
    {file = "imgui-1.2.0-cp33-cp33m-win_amd64.whl", hash = "sha256:f5a3a05e2e19f89bbf8eacf4ca427be759967632b0f42471097c1b6ad862bd64"},
    {file = "imgui-1.2.0-cp34-cp34m-win32.whl", hash = "sha256:291a7d16acc7aa9412a74ac0352f9ae0f6c3eaae1eb85545278f410dbce84027"},
    {file = "imgui-1.2.0-cp34-cp34m-win_amd64.whl", hash = "sha256:532de2408ff99fa14d86c8148974f59e67e6a8f4062769809b2ccf90345f230d"},
    {file = "imgui-1.2.0-cp35-cp35m-macosx_10_13_x86_64.whl", hash = "sha256:086af460f0ad377938ff8dccaa428961b0c77c7a044e3a3ffd02d3402525afd8"},
    {file = "imgui-1.2.0-cp35-cp35m-manylinux1_i686.whl", hash = "sha256:b369cfe810f007855e89b89680e81621f4957e7f9aa329df6788bc80937c19ed"},
    {file = "imgui-1.2.0-cp35-cp35m-manylinux1_x86_64.whl", hash = "sha256:9de1394dd7f2cbae53b4e37540e7aa87b76140c996e677ef37cadd7661d41bda"},
    {file = "imgui-1.2.0-cp35-cp35m-win32.whl", hash = "sha256:fef02dd807541f65c38eaca4c1fbfb50942b906a92250571dae66b15ed5b7d0c"},
    {file = "imgui-1.2.0-cp35-cp35m-win_amd64.whl", hash = "sha256:ab93ce6f68cd445dd53b1b4c8bec16efa387ea45b9f526c0850708f5c31d5c55"},
    {file = "imgui-1.2.0-cp36-cp36m-macosx_10_13_x86_64.whl", hash = "sha256:877a58c5c508312da30a3aa82f0168f70fa0c574fcc6b4008ae7690fbe798cde"},
    {file = "imgui-1.2.0-cp36-cp36m-manylinux1_i686.whl", hash = "sha256:8ec89e72dc16a9b52b85c10e19bfae9328807ac393d2a2bae834c74311bd6008"},
    {file = "imgui-1.2.0-cp36-cp36m-manylinux1_x86_64.whl", hash = "sha256:9c44353083f7386964caa86aacea533d4f7acc1a185b53f670cd530f6e674091"},
    {file = "imgui-1.2.0-cp36-cp36m-win32.whl", hash = "sha256:c8558e5256f5563b5476040eedef7cb5adb0e11652d7a3fe34a240aff8279a81"},
    {file = "imgui-1.2.0-cp36-cp36m-win_amd64.whl", hash = "sha256:34f8fc19868b1fec60608e270d9a98d9bebbb86de454d40174c59038ce2cff17"},
    {file = "imgui-1.2.0-cp37-cp37m-macosx_10_13_x86_64.whl", hash = "sha256:6f0413e9be8105e85f55b933c851e16afb155784fc5f9d2cd4c8d8a44ba75c42"},
    {file = "imgui-1.2.0-cp37-cp37m-manylinux1_i686.whl", hash = "sha256:a4b4ceea5a9dd0b9c80f5fb399441b3ec42cb9ceb4cd605098f386cb1a23a9b4"},
    {file = "imgui-1.2.0-cp37-cp37m-manylinux1_x86_64.whl", hash = "sha256:896701b428c1990cfe08865a4355df03c17f5696aa45c24a2af5bebf3a4af5b6"},
    {file = "imgui-1.2.0-cp37-cp37m-win32.whl", hash = "sha256:67be82aef604ebff934a962e7b9bcbb361ef840c5fecf817923ab0bddda073b7"},
    {file = "imgui-1.2.0-cp37-cp37m-win_amd64.whl", hash = "sha256:97d20300d883cda1b4b803df2832b2ddab6d6dbe2c2648861834c13aa9888648"},
    {file = "imgui-1.2.0-cp38-cp38-macosx_10_13_x86_64.whl", hash = "sha256:b826d66c856ad23c2d29b2fc95957d20169b2de4ace4f0305e18a98e066b57e6"},
    {file = "imgui-1.2.0-cp38-cp38-manylinux1_i686.whl", hash = "sha256:d54472609b06c06ed4e011ab132d745d1bce0e23d74d7d36a0c763bdbe4a4915"},
    {file = "imgui-1.2.0-cp38-cp38-manylinux1_x86_64.whl", hash = "sha256:5db960fad3dfc21960c98ace3be7dab8324cae549c9a26e771c2568763970b60"},
    {file = "imgui-1.2.0-cp38-cp38-win32.whl", hash = "sha256:63482f5cd71be0272f75da088bb1a57f0011d839d942cce7164875785c90074c"},
    {file = "imgui-1.2.0-cp38-cp38-win_amd64.whl", hash = "sha256:185575b02d2faab405573774ca5c8f52fec98771fc95f25aa6c7520be05a8c85"},
    {file = "imgui-1.2.0.tar.gz", hash = "sha256:b9ab6289a94399b82df83be7256662e9e679a3ab04159f051c1314688b0dbea4"},
]
mypy-extensions = [
    {file = "mypy_extensions-0.4.3-py2.py3-none-any.whl", hash = "sha256:090fedd75945a69ae91ce1303b5824f428daf5a028d2f6ab8a299250a846f15d"},
    {file = "mypy_extensions-0.4.3.tar.gz", hash = "sha256:2d82818f5bb3e369420cb3c4060a7970edba416647068eb4c5343488a6c604a8"},
]
nodeenv = [
    {file = "nodeenv-1.5.0-py2.py3-none-any.whl", hash = "sha256:5304d424c529c997bc888453aeaa6362d242b6b4631e90f3d4bf1b290f1c84a9"},
    {file = "nodeenv-1.5.0.tar.gz", hash = "sha256:ab45090ae383b716c4ef89e690c41ff8c2b257b85b309f01f3654df3d084bd7c"},
]
numpy = [
    {file = "numpy-1.19.2-cp36-cp36m-macosx_10_9_x86_64.whl", hash = "sha256:b594f76771bc7fc8a044c5ba303427ee67c17a09b36e1fa32bde82f5c419d17a"},
    {file = "numpy-1.19.2-cp36-cp36m-manylinux1_i686.whl", hash = "sha256:e6ddbdc5113628f15de7e4911c02aed74a4ccff531842c583e5032f6e5a179bd"},
    {file = "numpy-1.19.2-cp36-cp36m-manylinux1_x86_64.whl", hash = "sha256:3733640466733441295b0d6d3dcbf8e1ffa7e897d4d82903169529fd3386919a"},
    {file = "numpy-1.19.2-cp36-cp36m-manylinux2010_i686.whl", hash = "sha256:4339741994c775396e1a274dba3609c69ab0f16056c1077f18979bec2a2c2e6e"},
    {file = "numpy-1.19.2-cp36-cp36m-manylinux2010_x86_64.whl", hash = "sha256:7c6646314291d8f5ea900a7ea9c4261f834b5b62159ba2abe3836f4fa6705526"},
    {file = "numpy-1.19.2-cp36-cp36m-manylinux2014_aarch64.whl", hash = "sha256:7118f0a9f2f617f921ec7d278d981244ba83c85eea197be7c5a4f84af80a9c3c"},
    {file = "numpy-1.19.2-cp36-cp36m-win32.whl", hash = "sha256:9a3001248b9231ed73894c773142658bab914645261275f675d86c290c37f66d"},
    {file = "numpy-1.19.2-cp36-cp36m-win_amd64.whl", hash = "sha256:967c92435f0b3ba37a4257c48b8715b76741410467e2bdb1097e8391fccfae15"},
    {file = "numpy-1.19.2-cp37-cp37m-macosx_10_9_x86_64.whl", hash = "sha256:d526fa58ae4aead839161535d59ea9565863bb0b0bdb3cc63214613fb16aced4"},
    {file = "numpy-1.19.2-cp37-cp37m-manylinux1_i686.whl", hash = "sha256:eb25c381d168daf351147713f49c626030dcff7a393d5caa62515d415a6071d8"},
    {file = "numpy-1.19.2-cp37-cp37m-manylinux1_x86_64.whl", hash = "sha256:62139af94728d22350a571b7c82795b9d59be77fc162414ada6c8b6a10ef5d02"},
    {file = "numpy-1.19.2-cp37-cp37m-manylinux2010_i686.whl", hash = "sha256:0c66da1d202c52051625e55a249da35b31f65a81cb56e4c69af0dfb8fb0125bf"},
    {file = "numpy-1.19.2-cp37-cp37m-manylinux2010_x86_64.whl", hash = "sha256:2117536e968abb7357d34d754e3733b0d7113d4c9f1d921f21a3d96dec5ff716"},
    {file = "numpy-1.19.2-cp37-cp37m-manylinux2014_aarch64.whl", hash = "sha256:54045b198aebf41bf6bf4088012777c1d11703bf74461d70cd350c0af2182e45"},
    {file = "numpy-1.19.2-cp37-cp37m-win32.whl", hash = "sha256:aba1d5daf1144b956bc87ffb87966791f5e9f3e1f6fab3d7f581db1f5b598f7a"},
    {file = "numpy-1.19.2-cp37-cp37m-win_amd64.whl", hash = "sha256:addaa551b298052c16885fc70408d3848d4e2e7352de4e7a1e13e691abc734c1"},
    {file = "numpy-1.19.2-cp38-cp38-macosx_10_9_x86_64.whl", hash = "sha256:58d66a6b3b55178a1f8a5fe98df26ace76260a70de694d99577ddeab7eaa9a9d"},
    {file = "numpy-1.19.2-cp38-cp38-manylinux1_i686.whl", hash = "sha256:59f3d687faea7a4f7f93bd9665e5b102f32f3fa28514f15b126f099b7997203d"},
    {file = "numpy-1.19.2-cp38-cp38-manylinux1_x86_64.whl", hash = "sha256:cebd4f4e64cfe87f2039e4725781f6326a61f095bc77b3716502bed812b385a9"},
    {file = "numpy-1.19.2-cp38-cp38-manylinux2010_i686.whl", hash = "sha256:c35a01777f81e7333bcf276b605f39c872e28295441c265cd0c860f4b40148c1"},
    {file = "numpy-1.19.2-cp38-cp38-manylinux2010_x86_64.whl", hash = "sha256:d7ac33585e1f09e7345aa902c281bd777fdb792432d27fca857f39b70e5dd31c"},
    {file = "numpy-1.19.2-cp38-cp38-manylinux2014_aarch64.whl", hash = "sha256:04c7d4ebc5ff93d9822075ddb1751ff392a4375e5885299445fcebf877f179d5"},
    {file = "numpy-1.19.2-cp38-cp38-win32.whl", hash = "sha256:51ee93e1fac3fe08ef54ff1c7f329db64d8a9c5557e6c8e908be9497ac76374b"},
    {file = "numpy-1.19.2-cp38-cp38-win_amd64.whl", hash = "sha256:1669ec8e42f169ff715a904c9b2105b6640f3f2a4c4c2cb4920ae8b2785dac65"},
    {file = "numpy-1.19.2-pp36-pypy36_pp73-manylinux2010_x86_64.whl", hash = "sha256:0bfd85053d1e9f60234f28f63d4a5147ada7f432943c113a11afcf3e65d9d4c8"},
    {file = "numpy-1.19.2.zip", hash = "sha256:0d310730e1e793527065ad7dde736197b705d0e4c9999775f212b03c44a8484c"},
]
pathspec = [
    {file = "pathspec-0.8.0-py2.py3-none-any.whl", hash = "sha256:7d91249d21749788d07a2d0f94147accd8f845507400749ea19c1ec9054a12b0"},
    {file = "pathspec-0.8.0.tar.gz", hash = "sha256:da45173eb3a6f2a5a487efba21f050af2b41948be6ab52b6a1e3ff22bb8b7061"},
]
pillow = [
    {file = "Pillow-8.0.0-cp36-cp36m-macosx_10_10_x86_64.whl", hash = "sha256:b04569ff215b85ce3e2954979d2d5e0bf84007e43ddcf84b632fc6bc18e07909"},
    {file = "Pillow-8.0.0-cp36-cp36m-manylinux1_i686.whl", hash = "sha256:594f2f25b7bcfd9542c41b9df156fb5104f19f5fcefa51b1447f1d9f64c9cc14"},
    {file = "Pillow-8.0.0-cp36-cp36m-manylinux1_x86_64.whl", hash = "sha256:87a855b64a9b692604f6339baa4f9913d06838df1b4ccf0cb899dd18f56ec03c"},
    {file = "Pillow-8.0.0-cp36-cp36m-manylinux2014_aarch64.whl", hash = "sha256:b731d45764349313bd956c07bdc1d43803bb0ad2b11354328a074e416c7d84bc"},
    {file = "Pillow-8.0.0-cp36-cp36m-win32.whl", hash = "sha256:30615e9115f976e00a938a28c7152562e8cf8e221ddacf4446dd8b20c0d97333"},
    {file = "Pillow-8.0.0-cp36-cp36m-win_amd64.whl", hash = "sha256:e6ac40f1a62a227eb00226eb64c9c82bc878a3ed700b5414d34c9be57be87e87"},
    {file = "Pillow-8.0.0-cp37-cp37m-macosx_10_10_x86_64.whl", hash = "sha256:2696f1a6402c1a42ed12c5cd8adfb4b381c32d41e35a34b8ee544309ef854172"},
    {file = "Pillow-8.0.0-cp37-cp37m-manylinux1_i686.whl", hash = "sha256:5b5dde5dcedc4e6f5a71d7654a3c6e189ced82e97d7896b1ca5a5c5e4e0e916f"},
    {file = "Pillow-8.0.0-cp37-cp37m-manylinux1_x86_64.whl", hash = "sha256:04d984e45a0b9815f4b407e8aadb50f25fbb82a605d89db927376e94c3adf371"},
    {file = "Pillow-8.0.0-cp37-cp37m-manylinux2014_aarch64.whl", hash = "sha256:6bcea85f93fb2c94a1bcd35704c348a929a7fb24a0ec0cc2b9fcbb0046b87176"},
    {file = "Pillow-8.0.0-cp37-cp37m-win32.whl", hash = "sha256:233513465a2f25fce537b965621866da3d1f02e15708f371dd4e19f0fb7b7711"},
    {file = "Pillow-8.0.0-cp37-cp37m-win_amd64.whl", hash = "sha256:d904570afcdbec40eb6bdbe24cba8d95c0215a2c0cbbc9c16301045bc8504c1f"},
    {file = "Pillow-8.0.0-cp38-cp38-macosx_10_10_x86_64.whl", hash = "sha256:8c006d52365c0a6bb41a07f9c8f9f458ae8170e0af3b8c49bf7089347066b97b"},
    {file = "Pillow-8.0.0-cp38-cp38-manylinux1_i686.whl", hash = "sha256:9b5b41737853bc49943864d5980dfb401a09e78ddb471e71291810ccdeadd712"},
    {file = "Pillow-8.0.0-cp38-cp38-manylinux1_x86_64.whl", hash = "sha256:3a77e7b9f8991b81d7be8e0b2deab05013cf3ebb24ac2b863d2979acb68c73dd"},
    {file = "Pillow-8.0.0-cp38-cp38-manylinux2014_aarch64.whl", hash = "sha256:c41442c3814afeba1f6f16fd70cdf312a2c73c6dee8dc3ac8926bb115713ad1d"},
    {file = "Pillow-8.0.0-cp38-cp38-win32.whl", hash = "sha256:718d7f0eb3351052023b33fe0f83fc9e3beeb7cbacbd0ff2b52524e2153e4598"},
    {file = "Pillow-8.0.0-cp38-cp38-win_amd64.whl", hash = "sha256:7c4a7ee37027ca716f42726b6f9fc491c13c843c7af559e0767dfab1ae9682d4"},
    {file = "Pillow-8.0.0-cp39-cp39-macosx_10_10_x86_64.whl", hash = "sha256:54667c8ab16658cc0b7d824d8706b440d4db8382a3561042758bdfd48ca99298"},
    {file = "Pillow-8.0.0-cp39-cp39-manylinux1_i686.whl", hash = "sha256:1f59596af2b3d64a9e43f9d6509b7a51db744d0eecc23297617c604e6823c6ae"},
    {file = "Pillow-8.0.0-cp39-cp39-manylinux1_x86_64.whl", hash = "sha256:f5270369c799b4405ed47d45c88c09fbd7942fc9fb9891c0dabf0b8c751b625d"},
    {file = "Pillow-8.0.0-cp39-cp39-manylinux2014_aarch64.whl", hash = "sha256:8e29701229705615d3dcfc439c7c46f40f913e57c7fe322b1efc30d3f37d1287"},
    {file = "Pillow-8.0.0-cp39-cp39-win32.whl", hash = "sha256:c12e33cb17e2e12049a49b77696ee479791a4e44e541fdc393ae043e1246389f"},
    {file = "Pillow-8.0.0-cp39-cp39-win_amd64.whl", hash = "sha256:06e730451b70471c08b8a0ee7f18e7e1df310dba9c780bbfb730a13102b143db"},
    {file = "Pillow-8.0.0-pp36-pypy36_pp73-macosx_10_10_x86_64.whl", hash = "sha256:c4d743c5c91424965707c9c8edc58b7cb43c127dcaf191fbcd304e2082eef56a"},
    {file = "Pillow-8.0.0-pp36-pypy36_pp73-manylinux2010_x86_64.whl", hash = "sha256:2ca55a4443b463eec90528ac27be14d226b1c2b972178bc7d4d282ce89e47b6a"},
    {file = "Pillow-8.0.0-pp36-pypy36_pp73-win32.whl", hash = "sha256:e674be2f349ea810e221b0113bd4491f53584ac848d5bcc3b62443cfa11d9c40"},
    {file = "Pillow-8.0.0-pp37-pypy37_pp73-win32.whl", hash = "sha256:d6766fd28f4f47cf93280a57e3dc6a9d11bdada1a6e9f019b8c62b12bbc86f6a"},
    {file = "Pillow-8.0.0.tar.gz", hash = "sha256:59304c67d12394815331eda95ec892bf54ad95e0aa7bc1ccd8e0a4a5a25d4bf3"},
]
pre-commit = [
    {file = "pre_commit-2.7.1-py2.py3-none-any.whl", hash = "sha256:810aef2a2ba4f31eed1941fc270e72696a1ad5590b9751839c90807d0fff6b9a"},
    {file = "pre_commit-2.7.1.tar.gz", hash = "sha256:c54fd3e574565fe128ecc5e7d2f91279772ddb03f8729645fa812fe809084a70"},
]
pycparser = [
    {file = "pycparser-2.20-py2.py3-none-any.whl", hash = "sha256:7582ad22678f0fcd81102833f60ef8d0e57288b6b5fb00323d101be910e35705"},
    {file = "pycparser-2.20.tar.gz", hash = "sha256:2d475327684562c3a96cc71adf7dc8c4f0565175cf86b6d7a404ff4c771f15f0"},
]
pyglet = [
    {file = "pyglet-1.5.7-py3-none-any.whl", hash = "sha256:9832442d59ee06acbeff12e128cf6d5aee271e94c09386040db8f0feae277013"},
    {file = "pyglet-1.5.7.zip", hash = "sha256:3faac2dad34946aecbce79a8658f89155436fe5c07332229160c6eba302ff40d"},
]
pymunk = [
    {file = "pymunk-5.7.0-py2.py3-none-macosx_10_13_x86_64.whl", hash = "sha256:b7fa2d00e173a06edc230d6d296f41e88b88a90e292ffb752a24b9b3759935ee"},
    {file = "pymunk-5.7.0-py2.py3-none-manylinux1_i686.whl", hash = "sha256:05eeeb2c34b11a06d68188ea2636720422436481b8fe28f5db5a7e366b8a5f78"},
    {file = "pymunk-5.7.0-py2.py3-none-manylinux1_x86_64.whl", hash = "sha256:71c885f6200ad31c65d4ee9b3cb74c62c5c7638e1a6a4dcc8daee740b4063ce1"},
    {file = "pymunk-5.7.0-py2.py3-none-win32.whl", hash = "sha256:e8feaff79f85c6b35d84a857db540faeaff2ecb19cfcbfcf2f8117c6ed69ee16"},
    {file = "pymunk-5.7.0-py2.py3-none-win_amd64.whl", hash = "sha256:beaed1aa67a31509260ceae23baafc51ec8735a9352d843271bdd312bad8d778"},
    {file = "pymunk-5.7.0.zip", hash = "sha256:585aabe9a7039b7a2dc07217120b6ccfc2abc200bd381187e0912ae852a63894"},
]
pyopengl = [
    {file = "PyOpenGL-3.1.5-py2-none-any.whl", hash = "sha256:11ad32c7bde7ea0ffb7a94dd552c639ca72376982a8dd6fe0c092d2002a4ca6e"},
    {file = "PyOpenGL-3.1.5-py3-none-any.whl", hash = "sha256:36b4ac28220e4bfa29e5557525ad2967ca74558a94bccea48864fc742b18db11"},
    {file = "PyOpenGL-3.1.5.tar.gz", hash = "sha256:4107ba0d0390da5766a08c242cf0cf3404c377ed293c5f6d701e457c57ba3424"},
]
pytiled-parser = [
    {file = "pytiled_parser-0.9.4a3-py3-none-any.whl", hash = "sha256:166ad96d81aa1aef3102d95d1a1f257111e41d9fe5bc100a4993b496151e9f07"},
]
pyyaml = [
    {file = "PyYAML-5.3.1-cp27-cp27m-win32.whl", hash = "sha256:74809a57b329d6cc0fdccee6318f44b9b8649961fa73144a98735b0aaf029f1f"},
    {file = "PyYAML-5.3.1-cp27-cp27m-win_amd64.whl", hash = "sha256:240097ff019d7c70a4922b6869d8a86407758333f02203e0fc6ff79c5dcede76"},
    {file = "PyYAML-5.3.1-cp35-cp35m-win32.whl", hash = "sha256:4f4b913ca1a7319b33cfb1369e91e50354d6f07a135f3b901aca02aa95940bd2"},
    {file = "PyYAML-5.3.1-cp35-cp35m-win_amd64.whl", hash = "sha256:cc8955cfbfc7a115fa81d85284ee61147059a753344bc51098f3ccd69b0d7e0c"},
    {file = "PyYAML-5.3.1-cp36-cp36m-win32.whl", hash = "sha256:7739fc0fa8205b3ee8808aea45e968bc90082c10aef6ea95e855e10abf4a37b2"},
    {file = "PyYAML-5.3.1-cp36-cp36m-win_amd64.whl", hash = "sha256:69f00dca373f240f842b2931fb2c7e14ddbacd1397d57157a9b005a6a9942648"},
    {file = "PyYAML-5.3.1-cp37-cp37m-win32.whl", hash = "sha256:d13155f591e6fcc1ec3b30685d50bf0711574e2c0dfffd7644babf8b5102ca1a"},
    {file = "PyYAML-5.3.1-cp37-cp37m-win_amd64.whl", hash = "sha256:73f099454b799e05e5ab51423c7bcf361c58d3206fa7b0d555426b1f4d9a3eaf"},
    {file = "PyYAML-5.3.1-cp38-cp38-win32.whl", hash = "sha256:06a0d7ba600ce0b2d2fe2e78453a470b5a6e000a985dd4a4e54e436cc36b0e97"},
    {file = "PyYAML-5.3.1-cp38-cp38-win_amd64.whl", hash = "sha256:95f71d2af0ff4227885f7a6605c37fd53d3a106fcab511b8860ecca9fcf400ee"},
    {file = "PyYAML-5.3.1.tar.gz", hash = "sha256:b8eac752c5e14d3eca0e6dd9199cd627518cb5ec06add0de9d32baeee6fe645d"},
]
regex = [
    {file = "regex-2020.10.15-cp27-cp27m-win32.whl", hash = "sha256:e935a166a5f4c02afe3f7e4ce92ce5a786f75c6caa0c4ce09c922541d74b77e8"},
    {file = "regex-2020.10.15-cp27-cp27m-win_amd64.whl", hash = "sha256:d81be22d5d462b96a2aa5c512f741255ba182995efb0114e5a946fe254148df1"},
    {file = "regex-2020.10.15-cp36-cp36m-manylinux1_i686.whl", hash = "sha256:6d4cdb6c20e752426b2e569128488c5046fb1b16b1beadaceea9815c36da0847"},
    {file = "regex-2020.10.15-cp36-cp36m-manylinux1_x86_64.whl", hash = "sha256:25991861c6fef1e5fd0a01283cf5658c5e7f7aa644128e85243bc75304e91530"},
    {file = "regex-2020.10.15-cp36-cp36m-manylinux2010_i686.whl", hash = "sha256:6e9f72e0ee49f7d7be395bfa29e9533f0507a882e1e6bf302c0a204c65b742bf"},
    {file = "regex-2020.10.15-cp36-cp36m-manylinux2010_x86_64.whl", hash = "sha256:578ac6379e65eb8e6a85299b306c966c852712c834dc7eef0ba78d07a828f67b"},
    {file = "regex-2020.10.15-cp36-cp36m-win32.whl", hash = "sha256:65b6b018b07e9b3b6a05c2c3bb7710ed66132b4df41926c243887c4f1ff303d5"},
    {file = "regex-2020.10.15-cp36-cp36m-win_amd64.whl", hash = "sha256:2f60ba5c33f00ce9be29a140e6f812e39880df8ba9cb92ad333f0016dbc30306"},
    {file = "regex-2020.10.15-cp37-cp37m-manylinux1_i686.whl", hash = "sha256:5d4a3221f37520bb337b64a0632716e61b26c8ae6aaffceeeb7ad69c009c404b"},
    {file = "regex-2020.10.15-cp37-cp37m-manylinux1_x86_64.whl", hash = "sha256:26b85672275d8c7a9d4ff93dbc4954f5146efdb2ecec89ad1de49439984dea14"},
    {file = "regex-2020.10.15-cp37-cp37m-manylinux2010_i686.whl", hash = "sha256:828618f3c3439c5e6ef8621e7c885ca561bbaaba90ddbb6a7dfd9e1ec8341103"},
    {file = "regex-2020.10.15-cp37-cp37m-manylinux2010_x86_64.whl", hash = "sha256:aef23aed9d4017cc74d37f703d57ce254efb4c8a6a01905f40f539220348abf9"},
    {file = "regex-2020.10.15-cp37-cp37m-win32.whl", hash = "sha256:6c72adb85adecd4522a488a751e465842cdd2a5606b65464b9168bf029a54272"},
    {file = "regex-2020.10.15-cp37-cp37m-win_amd64.whl", hash = "sha256:ef3a55b16c6450574734db92e0a3aca283290889934a23f7498eaf417e3af9f0"},
    {file = "regex-2020.10.15-cp38-cp38-manylinux1_i686.whl", hash = "sha256:8958befc139ac4e3f16d44ec386c490ea2121ed8322f4956f83dd9cad8e9b922"},
    {file = "regex-2020.10.15-cp38-cp38-manylinux1_x86_64.whl", hash = "sha256:3dd952f3f8dc01b72c0cf05b3631e05c50ac65ddd2afdf26551638e97502107b"},
    {file = "regex-2020.10.15-cp38-cp38-manylinux2010_i686.whl", hash = "sha256:608d6c05452c0e6cc49d4d7407b4767963f19c4d2230fa70b7201732eedc84f2"},
    {file = "regex-2020.10.15-cp38-cp38-manylinux2010_x86_64.whl", hash = "sha256:02686a2f0b1a4be0facdd0d3ad4dc6c23acaa0f38fb5470d892ae88584ba705c"},
    {file = "regex-2020.10.15-cp38-cp38-win32.whl", hash = "sha256:137da580d1e6302484be3ef41d72cf5c3ad22a076070051b7449c0e13ab2c482"},
    {file = "regex-2020.10.15-cp38-cp38-win_amd64.whl", hash = "sha256:20cdd7e1736f4f61a5161aa30d05ac108ab8efc3133df5eb70fe1e6a23ea1ca6"},
    {file = "regex-2020.10.15-cp39-cp39-manylinux1_i686.whl", hash = "sha256:85b733a1ef2b2e7001aff0e204a842f50ad699c061856a214e48cfb16ace7d0c"},
    {file = "regex-2020.10.15-cp39-cp39-manylinux1_x86_64.whl", hash = "sha256:af1f5e997dd1ee71fb6eb4a0fb6921bf7a778f4b62f1f7ef0d7445ecce9155d6"},
    {file = "regex-2020.10.15-cp39-cp39-manylinux2010_i686.whl", hash = "sha256:b5eeaf4b5ef38fab225429478caf71f44d4a0b44d39a1aa4d4422cda23a9821b"},
    {file = "regex-2020.10.15-cp39-cp39-manylinux2010_x86_64.whl", hash = "sha256:aeac7c9397480450016bc4a840eefbfa8ca68afc1e90648aa6efbfe699e5d3bb"},
    {file = "regex-2020.10.15-cp39-cp39-win32.whl", hash = "sha256:698f8a5a2815e1663d9895830a063098ae2f8f2655ae4fdc5dfa2b1f52b90087"},
    {file = "regex-2020.10.15-cp39-cp39-win_amd64.whl", hash = "sha256:a51e51eecdac39a50ede4aeed86dbef4776e3b73347d31d6ad0bc9648ba36049"},
    {file = "regex-2020.10.15.tar.gz", hash = "sha256:d25f5cca0f3af6d425c9496953445bf5b288bb5b71afc2b8308ad194b714c159"},
]
six = [
    {file = "six-1.15.0-py2.py3-none-any.whl", hash = "sha256:8b74bedcbbbaca38ff6d7491d76f2b06b3592611af620f8426e82dddb04a5ced"},
    {file = "six-1.15.0.tar.gz", hash = "sha256:30639c035cdb23534cd4aa2dd52c3bf48f06e5f4a941509c8bafd8ce11080259"},
]
toml = [
    {file = "toml-0.10.1-py2.py3-none-any.whl", hash = "sha256:bda89d5935c2eac546d648028b9901107a595863cb36bae0c73ac804a9b4ce88"},
    {file = "toml-0.10.1.tar.gz", hash = "sha256:926b612be1e5ce0634a2ca03470f95169cf16f939018233a670519cb4ac58b0f"},
]
typed-ast = [
    {file = "typed_ast-1.4.1-cp35-cp35m-manylinux1_i686.whl", hash = "sha256:73d785a950fc82dd2a25897d525d003f6378d1cb23ab305578394694202a58c3"},
    {file = "typed_ast-1.4.1-cp35-cp35m-manylinux1_x86_64.whl", hash = "sha256:aaee9905aee35ba5905cfb3c62f3e83b3bec7b39413f0a7f19be4e547ea01ebb"},
    {file = "typed_ast-1.4.1-cp35-cp35m-win32.whl", hash = "sha256:0c2c07682d61a629b68433afb159376e24e5b2fd4641d35424e462169c0a7919"},
    {file = "typed_ast-1.4.1-cp35-cp35m-win_amd64.whl", hash = "sha256:4083861b0aa07990b619bd7ddc365eb7fa4b817e99cf5f8d9cf21a42780f6e01"},
    {file = "typed_ast-1.4.1-cp36-cp36m-macosx_10_9_x86_64.whl", hash = "sha256:269151951236b0f9a6f04015a9004084a5ab0d5f19b57de779f908621e7d8b75"},
    {file = "typed_ast-1.4.1-cp36-cp36m-manylinux1_i686.whl", hash = "sha256:24995c843eb0ad11a4527b026b4dde3da70e1f2d8806c99b7b4a7cf491612652"},
    {file = "typed_ast-1.4.1-cp36-cp36m-manylinux1_x86_64.whl", hash = "sha256:fe460b922ec15dd205595c9b5b99e2f056fd98ae8f9f56b888e7a17dc2b757e7"},
    {file = "typed_ast-1.4.1-cp36-cp36m-win32.whl", hash = "sha256:4e3e5da80ccbebfff202a67bf900d081906c358ccc3d5e3c8aea42fdfdfd51c1"},
    {file = "typed_ast-1.4.1-cp36-cp36m-win_amd64.whl", hash = "sha256:249862707802d40f7f29f6e1aad8d84b5aa9e44552d2cc17384b209f091276aa"},
    {file = "typed_ast-1.4.1-cp37-cp37m-macosx_10_9_x86_64.whl", hash = "sha256:8ce678dbaf790dbdb3eba24056d5364fb45944f33553dd5869b7580cdbb83614"},
    {file = "typed_ast-1.4.1-cp37-cp37m-manylinux1_i686.whl", hash = "sha256:c9e348e02e4d2b4a8b2eedb48210430658df6951fa484e59de33ff773fbd4b41"},
    {file = "typed_ast-1.4.1-cp37-cp37m-manylinux1_x86_64.whl", hash = "sha256:bcd3b13b56ea479b3650b82cabd6b5343a625b0ced5429e4ccad28a8973f301b"},
    {file = "typed_ast-1.4.1-cp37-cp37m-win32.whl", hash = "sha256:d5d33e9e7af3b34a40dc05f498939f0ebf187f07c385fd58d591c533ad8562fe"},
    {file = "typed_ast-1.4.1-cp37-cp37m-win_amd64.whl", hash = "sha256:0666aa36131496aed8f7be0410ff974562ab7eeac11ef351def9ea6fa28f6355"},
    {file = "typed_ast-1.4.1-cp38-cp38-macosx_10_15_x86_64.whl", hash = "sha256:d205b1b46085271b4e15f670058ce182bd1199e56b317bf2ec004b6a44f911f6"},
    {file = "typed_ast-1.4.1-cp38-cp38-manylinux1_i686.whl", hash = "sha256:6daac9731f172c2a22ade6ed0c00197ee7cc1221aa84cfdf9c31defeb059a907"},
    {file = "typed_ast-1.4.1-cp38-cp38-manylinux1_x86_64.whl", hash = "sha256:498b0f36cc7054c1fead3d7fc59d2150f4d5c6c56ba7fb150c013fbc683a8d2d"},
    {file = "typed_ast-1.4.1-cp38-cp38-win32.whl", hash = "sha256:715ff2f2df46121071622063fc7543d9b1fd19ebfc4f5c8895af64a77a8c852c"},
    {file = "typed_ast-1.4.1-cp38-cp38-win_amd64.whl", hash = "sha256:fc0fea399acb12edbf8a628ba8d2312f583bdbdb3335635db062fa98cf71fca4"},
    {file = "typed_ast-1.4.1-cp39-cp39-macosx_10_15_x86_64.whl", hash = "sha256:d43943ef777f9a1c42bf4e552ba23ac77a6351de620aa9acf64ad54933ad4d34"},
    {file = "typed_ast-1.4.1.tar.gz", hash = "sha256:8c8aaad94455178e3187ab22c8b01a3837f8ee50e09cf31f1ba129eb293ec30b"},
]
typing-extensions = [
    {file = "typing_extensions-3.7.4.3-py2-none-any.whl", hash = "sha256:dafc7639cde7f1b6e1acc0f457842a83e722ccca8eef5270af2d74792619a89f"},
    {file = "typing_extensions-3.7.4.3-py3-none-any.whl", hash = "sha256:7cb407020f00f7bfc3cb3e7881628838e69d8f3fcab2f64742a5e76b2f841918"},
    {file = "typing_extensions-3.7.4.3.tar.gz", hash = "sha256:99d4073b617d30288f569d3f13d2bd7548c3a7e4c8de87db09a9d29bb3a4a60c"},
]
virtualenv = [
    {file = "virtualenv-20.0.35-py2.py3-none-any.whl", hash = "sha256:0ebc633426d7468664067309842c81edab11ae97fcaf27e8ad7f5748c89b431b"},
    {file = "virtualenv-20.0.35.tar.gz", hash = "sha256:2a72c80fa2ad8f4e2985c06e6fc12c3d60d060e410572f553c90619b0f6efaf3"},
]
